github.com/aws/aws-lambda-go v1.54.0/go.mod h1:dpMpZgvWx5vuQJfBt0zqBha60q7Dd7RfgJv23DymV8A=
github.com/aws/aws-sdk-go-v2 v1.43.7/go.mod h1:tXpPM+v0D1lndmga+HqqLDIzUFJlEeR21aspVklHF00=
github.com/aws/aws-sdk-go-v2/config v1.32.38/go.mod h1:dencYsOS1R7rBy8zehCvwBYzdxxL4Q/nRK7In03wjN8=
github.com/aws/aws-sdk-go-v2/service/dynamodb v1.63.4/go.mod h1:zLWRn5gabNbj8VT59XrgICjxlCtKeb8XUx4KrLhV01M=
github.com/aws/aws-sdk-go-v2/service/sqs v1.42.17/go.mod h1:ZxqweFQ2w6NNznWMUvWV9AvkAfM6J8F/MC250Mb4n1I=
